github.com/bbrks/wrap v2.3.0+incompatible h1:9ebLuiUC/fBSu6OeOdD6XG8WRjf3G+wSJO1YZPU2O9I=
github.com/bbrks/wrap v2.3.0+incompatible/go.mod h1:rc//8Fguf02+4sm0fBMyG1TrAaEhe6VTYM35MY10oO4=
github.com/davecgh/go-spew v1.1.1 h1:vj9j/u1bqnvCEfJOwUhtlOARqs3+rkHYY13jYWTU97c=
github.com/davecgh/go-spew v1.1.1/go.mod h1:J7Y8YcW2NihsgmVo/mv3lAwl/skON4iLHjSsI+c5H38=
github.com/gofrs/uuid v3.2.0+incompatible h1:y12jRkkFxsd7GpqdSZ+/KCs/fJbqpEXSGd4+jfEaewE=
github.com/gofrs/uuid v3.2.0+incompatible/go.mod h1:b2aQJv3Z4Fp6yNu3cdSllBxTCLRxnplIgP/c0N/04lM=
github.com/karrick/godirwalk v1.8.0 h1:ycpSqVon/QJJoaT1t8sae0tp1Stg21j+dyuS7OoagcA=
github.com/karrick/godirwalk v1.8.0/go.mod h1:H5KPZjojv4lE+QYImBI8xVtrBRgYrIVsaRPx4tDPEn4=
github.com/shabbyrobe/cmdy v0.3.1 h1:WRiYe94FC8MbE1a0mmxbWrpH0jV6sDDXwA+KlCxf4z0=
github.com/shabbyrobe/cmdy v0.3.1/go.mod h1:ZCBDYC9BHo9zq4MQsrXXhg3xmpuHELmvWVUpVLgnPXw=
github.com/shabbyrobe/golib v0.0.0-20190203102441-f131577ebe19 h1:czELP6izZSIjZr1BNjw40q6FfdPgqmLfIwk4kqIlHyg=
github.com/shabbyrobe/golib v0.0.0-20190203102441-f131577ebe19/go.mod h1:A0K2jJciVDp5RFGaI+uKiUlzhFce6bamE621B9bJGjg=
